
Microsoft Visual Studio Solution File, Format Version 12.00
# Visual Studio Version 17
VisualStudioVersion = 17.4.33213.308
MinimumVisualStudioVersion = 10.0.40219.1
Project("{FAE04EC0-301F-11D3-BF4B-00C04F79EFBC}") = "Calculadora", "Calculadora.csproj", "{5E095FEE-5F86-4C5B-A370-B0A6720D4ECD}"
EndProject
Global
	GlobalSection(SolutionConfigurationPlatforms) = preSolution
		Debug|Any CPU = Debug|Any CPU
		Release|Any CPU = Release|Any CPU
	EndGlobalSection
	GlobalSection(ProjectConfigurationPlatforms) = postSolution
		{5E095FEE-5F86-4C5B-A370-B0A6720D4ECD}.Debug|Any CPU.ActiveCfg = Debug|Any CPU
		{5E095FEE-5F86-4C5B-A370-B0A6720D4ECD}.Debug|Any CPU.Build.0 = Debug|Any CPU
		{5E095FEE-5F86-4C5B-A370-B0A6720D4ECD}.Release|Any CPU.ActiveCfg = Release|Any CPU
		{5E095FEE-5F86-4C5B-A370-B0A6720D4ECD}.Release|Any CPU.Build.0 = Release|Any CPU
	EndGlobalSection
	GlobalSection(SolutionProperties) = preSolution
		HideSolutionNode = FALSE
	EndGlobalSection
	GlobalSection(ExtensibilityGlobals) = postSolution
		SolutionGuid = {66E24A80-CD03-41E7-A748-93D27B8CEF33}
	EndGlobalSection
EndGlobal
